using System;
using System.Collections.Generic;
using System.ComponentModel;
using System.Data;
using System.Drawing;
using System.Linq;
using System.Text;
using System.Threading.Tasks;
using System.Windows.Forms;

namespace WindowsFormsApp24
{
    public partial class Form1 : Form
    {
        

        public Form1()
        {
            InitializeComponent();
        }

        private void button1_Click(object sender, EventArgs e)
        {
            string s = "";
            int value = Convert.ToInt32(textBox1.Text);
            int[,] M = new int[value, value];
            int i = 0, j = (value - 1) / 2;
            M[i, j] = 1;
            for(int x=2;x<=value*value;x++)
            {
                i--;
                j--;
                if (i < 0) i += value;
                if (j < 0) i += value;
               
                if (M [i,j] != 0)
                {
                    i += 2;
                    if (i > value - 1) i -= value;
                    j++;
                    if (j > value - 1) j -= value;

                }
                M[i, j] = x;

            }
            for(i=0;i<=value-1;i++)
            {
                for(j=0;j<=value-1;)
                {
                    s += M[i, j].ToString().PadLeft(2,  ' ') + "";

                }
                s += "\r\n";
            }
            label1.Text = s;

        }
    }
}
